
Microsoft Visual Studio Solution File, Format Version 12.00
# Visual Studio Version 17
VisualStudioVersion = 17.1.32210.238
MinimumVisualStudioVersion = 10.0.40219.1
Project("{FAE04EC0-301F-11D3-BF4B-00C04F79EFBC}") = "game of life", "game of life\game of life.csproj", "{B13BB143-9867-40CE-8515-39E85460FB3A}"
EndProject
Global
	GlobalSection(SolutionConfigurationPlatforms) = preSolution
		Debug|Any CPU = Debug|Any CPU
		Release|Any CPU = Release|Any CPU
	EndGlobalSection
	GlobalSection(ProjectConfigurationPlatforms) = postSolution
		{B13BB143-9867-40CE-8515-39E85460FB3A}.Debug|Any CPU.ActiveCfg = Debug|Any CPU
		{B13BB143-9867-40CE-8515-39E85460FB3A}.Debug|Any CPU.Build.0 = Debug|Any CPU
		{B13BB143-9867-40CE-8515-39E85460FB3A}.Release|Any CPU.ActiveCfg = Release|Any CPU
		{B13BB143-9867-40CE-8515-39E85460FB3A}.Release|Any CPU.Build.0 = Release|Any CPU
	EndGlobalSection
	GlobalSection(SolutionProperties) = preSolution
		HideSolutionNode = FALSE
	EndGlobalSection
	GlobalSection(ExtensibilityGlobals) = postSolution
		SolutionGuid = {4C43D587-A1A1-49E0-BAD3-589B65FD58AC}
	EndGlobalSection
EndGlobal
